
Microsoft Visual Studio Solution File, Format Version 12.00
# Visual Studio Version 17
VisualStudioVersion = 17.0.31903.59
MinimumVisualStudioVersion = 10.0.40219.1
Project("{FAE04EC0-301F-11D3-BF4B-00C04F79EFBC}") = "simple class", "simple class\simple class.csproj", "{FDEE10B9-FF98-4F0D-9B22-780AD0C6897A}"
EndProject
Global
	GlobalSection(SolutionConfigurationPlatforms) = preSolution
		Debug|Any CPU = Debug|Any CPU
		Release|Any CPU = Release|Any CPU
	EndGlobalSection
	GlobalSection(ProjectConfigurationPlatforms) = postSolution
		{FDEE10B9-FF98-4F0D-9B22-780AD0C6897A}.Debug|Any CPU.ActiveCfg = Debug|Any CPU
		{FDEE10B9-FF98-4F0D-9B22-780AD0C6897A}.Debug|Any CPU.Build.0 = Debug|Any CPU
		{FDEE10B9-FF98-4F0D-9B22-780AD0C6897A}.Release|Any CPU.ActiveCfg = Release|Any CPU
		{FDEE10B9-FF98-4F0D-9B22-780AD0C6897A}.Release|Any CPU.Build.0 = Release|Any CPU
	EndGlobalSection
	GlobalSection(SolutionProperties) = preSolution
		HideSolutionNode = FALSE
	EndGlobalSection
	GlobalSection(ExtensibilityGlobals) = postSolution
		SolutionGuid = {3F14D91C-6151-4C32-A6D6-D369E1D75E4C}
	EndGlobalSection
EndGlobal
